
Microsoft Visual Studio Solution File, Format Version 12.00
# Visual Studio Express 2012 for Windows Phone
Project("{FAE04EC0-301F-11D3-BF4B-00C04F79EFBC}") = "PhoneApp2", "PhoneApp2\PhoneApp2.csproj", "{ACA01B71-6062-45FB-BA8E-501761326191}"
EndProject
Global
	GlobalSection(SolutionConfigurationPlatforms) = preSolution
		Debug|Any CPU = Debug|Any CPU
		Debug|ARM = Debug|ARM
		Debug|x86 = Debug|x86
		Release|Any CPU = Release|Any CPU
		Release|ARM = Release|ARM
		Release|x86 = Release|x86
	EndGlobalSection
	GlobalSection(ProjectConfigurationPlatforms) = postSolution
		{ACA01B71-6062-45FB-BA8E-501761326191}.Debug|Any CPU.ActiveCfg = Debug|Any CPU
		{ACA01B71-6062-45FB-BA8E-501761326191}.Debug|Any CPU.Build.0 = Debug|Any CPU
		{ACA01B71-6062-45FB-BA8E-501761326191}.Debug|Any CPU.Deploy.0 = Debug|Any CPU
		{ACA01B71-6062-45FB-BA8E-501761326191}.Debug|ARM.ActiveCfg = Debug|ARM
		{ACA01B71-6062-45FB-BA8E-501761326191}.Debug|ARM.Build.0 = Debug|ARM
		{ACA01B71-6062-45FB-BA8E-501761326191}.Debug|ARM.Deploy.0 = Debug|ARM
		{ACA01B71-6062-45FB-BA8E-501761326191}.Debug|x86.ActiveCfg = Debug|x86
		{ACA01B71-6062-45FB-BA8E-501761326191}.Debug|x86.Build.0 = Debug|x86
		{ACA01B71-6062-45FB-BA8E-501761326191}.Debug|x86.Deploy.0 = Debug|x86
		{ACA01B71-6062-45FB-BA8E-501761326191}.Release|Any CPU.ActiveCfg = Release|Any CPU
		{ACA01B71-6062-45FB-BA8E-501761326191}.Release|Any CPU.Build.0 = Release|Any CPU
		{ACA01B71-6062-45FB-BA8E-501761326191}.Release|Any CPU.Deploy.0 = Release|Any CPU
		{ACA01B71-6062-45FB-BA8E-501761326191}.Release|ARM.ActiveCfg = Release|ARM
		{ACA01B71-6062-45FB-BA8E-501761326191}.Release|ARM.Build.0 = Release|ARM
		{ACA01B71-6062-45FB-BA8E-501761326191}.Release|ARM.Deploy.0 = Release|ARM
		{ACA01B71-6062-45FB-BA8E-501761326191}.Release|x86.ActiveCfg = Release|x86
		{ACA01B71-6062-45FB-BA8E-501761326191}.Release|x86.Build.0 = Release|x86
		{ACA01B71-6062-45FB-BA8E-501761326191}.Release|x86.Deploy.0 = Release|x86
	EndGlobalSection
	GlobalSection(SolutionProperties) = preSolution
		HideSolutionNode = FALSE
	EndGlobalSection
EndGlobal
